
Microsoft Visual Studio Solution File, Format Version 12.00
# Visual Studio Version 17
VisualStudioVersion = 17.9.34622.214
MinimumVisualStudioVersion = 10.0.40219.1
Project("{8BC9CEB8-8B4A-11D0-8D11-00A0C91BC942}") = "HacknSlash_SDL2", "HacknSlash_SDL2\HacknSlash_SDL2.vcxproj", "{A2FB11B6-6E66-4A0E-BBA0-C7F52ABB453D}"
EndProject
Global
	GlobalSection(SolutionConfigurationPlatforms) = preSolution
		Debug|x64 = Debug|x64
		Debug|x86 = Debug|x86
		Release|x64 = Release|x64
		Release|x86 = Release|x86
	EndGlobalSection
	GlobalSection(ProjectConfigurationPlatforms) = postSolution
		{A2FB11B6-6E66-4A0E-BBA0-C7F52ABB453D}.Debug|x64.ActiveCfg = Debug|x64
		{A2FB11B6-6E66-4A0E-BBA0-C7F52ABB453D}.Debug|x64.Build.0 = Debug|x64
		{A2FB11B6-6E66-4A0E-BBA0-C7F52ABB453D}.Debug|x86.ActiveCfg = Debug|Win32
		{A2FB11B6-6E66-4A0E-BBA0-C7F52ABB453D}.Debug|x86.Build.0 = Debug|Win32
		{A2FB11B6-6E66-4A0E-BBA0-C7F52ABB453D}.Release|x64.ActiveCfg = Release|x64
		{A2FB11B6-6E66-4A0E-BBA0-C7F52ABB453D}.Release|x64.Build.0 = Release|x64
		{A2FB11B6-6E66-4A0E-BBA0-C7F52ABB453D}.Release|x86.ActiveCfg = Release|Win32
		{A2FB11B6-6E66-4A0E-BBA0-C7F52ABB453D}.Release|x86.Build.0 = Release|Win32
	EndGlobalSection
	GlobalSection(SolutionProperties) = preSolution
		HideSolutionNode = FALSE
	EndGlobalSection
	GlobalSection(ExtensibilityGlobals) = postSolution
		SolutionGuid = {81CFEC1F-7797-4274-AC6C-43B9FAA473CC}
	EndGlobalSection
EndGlobal
